{
  "name": "wasm-todo",
  "version": "1.0.0",
  "lockfileVersion": 3,
  "requires": true,
  "packages": {
    "": {
      "name": "wasm-todo",
      "version": "1.0.0",
      "dependencies": {
        "php-cgi-wasm": "^0.1.0",
        "php-wasm-phar": "^0.1.0",
        "php-wasm-sqlite": "^0.1.0"
      }
    },
    "node_modules/php-cgi-wasm": {
      "version": "0.1.0",
      "resolved": "https://registry.npmjs.org/php-cgi-wasm/-/php-cgi-wasm-0.1.0.tgz",
      "integrity": "sha512-XI4Ouq+Ty1HJOj66okHjsv24QjgRjNdtfh8d5KrjWifLxYyl/tc5/jYpPfSGHgAActlkrVKVM6QrilH2QclhUw==",
      "license": "Apache-2.0",
      "engines": {
        "node": ">=24.5.0"
      }
    },
    "node_modules/php-wasm-phar": {
      "version": "0.1.0",
      "resolved": "https://registry.npmjs.org/php-wasm-phar/-/php-wasm-phar-0.1.0.tgz",
      "integrity": "sha512-bwMSQi//8cnCK6bG3e4NvHzTHfOMfhRiKnU9qDid7mHysQRyx95vmQOyz5qGbn5ffcu5vm1ctBeFYLfglVDBjg=="
    },
    "node_modules/php-wasm-sqlite": {
      "version": "0.1.0",
      "resolved": "https://registry.npmjs.org/php-wasm-sqlite/-/php-wasm-sqlite-0.1.0.tgz",
      "integrity": "sha512-HDe1uwJAw44Ymv5whv485EnaCbJczyxIBLR2eHAsmywI/T07ZscnREhRc0ADI+71tRqZIc4SJQtg5redQXKG2A=="
    }
  }
}
